
Microsoft Visual Studio Solution File, Format Version 12.00
# Visual Studio Version 17
VisualStudioVersion = 17.5.33502.453
MinimumVisualStudioVersion = 10.0.40219.1
Project("{FAE04EC0-301F-11D3-BF4B-00C04F79EFBC}") = "uvodni01", "uvodni01\uvodni01.csproj", "{BE9304D3-B906-4EEA-B7BF-9B6A57C7DBE1}"
EndProject
Global
	GlobalSection(SolutionConfigurationPlatforms) = preSolution
		Debug|Any CPU = Debug|Any CPU
		Release|Any CPU = Release|Any CPU
	EndGlobalSection
	GlobalSection(ProjectConfigurationPlatforms) = postSolution
		{BE9304D3-B906-4EEA-B7BF-9B6A57C7DBE1}.Debug|Any CPU.ActiveCfg = Debug|Any CPU
		{BE9304D3-B906-4EEA-B7BF-9B6A57C7DBE1}.Debug|Any CPU.Build.0 = Debug|Any CPU
		{BE9304D3-B906-4EEA-B7BF-9B6A57C7DBE1}.Release|Any CPU.ActiveCfg = Release|Any CPU
		{BE9304D3-B906-4EEA-B7BF-9B6A57C7DBE1}.Release|Any CPU.Build.0 = Release|Any CPU
	EndGlobalSection
	GlobalSection(SolutionProperties) = preSolution
		HideSolutionNode = FALSE
	EndGlobalSection
	GlobalSection(ExtensibilityGlobals) = postSolution
		SolutionGuid = {8C5DED65-C63E-43D1-8600-840DB9848261}
	EndGlobalSection
EndGlobal
